// !$*UTF8*$!
{
	archiveVersion = 1;
	classes = {
	};
	objectVersion = 50;
	objects = {

/* Begin PBXBuildFile section */
		3AAB5EC720F4F61900B96B01 /* AppDelegate.swift in Sources */ = {isa = PBXBuildFile; fileRef = 3AAB5EC620F4F61900B96B01 /* AppDelegate.swift */; };
		3AAB5EC920F4F61900B96B01 /* ViewController.swift in Sources */ = {isa = PBXBuildFile; fileRef = 3AAB5EC820F4F61900B96B01 /* ViewController.swift */; };
		3AAB5ECC20F4F61900B96B01 /* Main.storyboard in Resources */ = {isa = PBXBuildFile; fileRef = 3AAB5ECA20F4F61900B96B01 /* Main.storyboard */; };
		3AAB5ECE20F4F61A00B96B01 /* Assets.xcassets in Resources */ = {isa = PBXBuildFile; fileRef = 3AAB5ECD20F4F61A00B96B01 /* Assets.xcassets */; };
		3AAB5ED120F4F61A00B96B01 /* LaunchScreen.storyboard in Resources */ = {isa = PBXBuildFile; fileRef = 3AAB5ECF20F4F61A00B96B01 /* LaunchScreen.storyboard */; };
		3AAB5ED920F52ABA00B96B01 /* FavViewController.swift in Sources */ = {isa = PBXBuildFile; fileRef = 3AAB5ED820F52ABA00B96B01 /* FavViewController.swift */; };
		3AAB5EDB20F531CA00B96B01 /* SettingsViewController.swift in Sources */ = {isa = PBXBuildFile; fileRef = 3AAB5EDA20F531CA00B96B01 /* SettingsViewController.swift */; };
/* End PBXBuildFile section */

/* Begin PBXFileReference section */
		3AAB5EC320F4F61900B96B01 /* MyTabbedApp.app */ = {isa = PBXFileReference; explicitFileType = wrapper.application; includeInIndex = 0; path = MyTabbedApp.app; sourceTree = BUILT_PRODUCTS_DIR; };
		3AAB5EC620F4F61900B96B01 /* AppDelegate.swift */ = {isa = PBXFileReference; lastKnownFileType = sourcecode.swift; path = AppDelegate.swift; sourceTree = "<group>"; };
		3AAB5EC820F4F61900B96B01 /* ViewController.swift */ = {isa = PBXFileReference; lastKnownFileType = sourcecode.swift; path = ViewController.swift; sourceTree = "<group>"; };
		3AAB5ECB20F4F61900B96B01 /* Base */ = {isa = PBXFileReference; lastKnownFileType = file.storyboard; name = Base; path = Base.lproj/Main.storyboard; sourceTree = "<group>"; };
		3AAB5ECD20F4F61A00B96B01 /* Assets.xcassets */ = {isa = PBXFileReference; lastKnownFileType = folder.assetcatalog; path = Assets.xcassets; sourceTree = "<group>"; };
		3AAB5ED020F4F61A00B96B01 /* Base */ = {isa = PBXFileReference; lastKnownFileType = file.storyboard; name = Base; path = Base.lproj/LaunchScreen.storyboard; sourceTree = "<group>"; };
		3AAB5ED220F4F61A00B96B01 /* Info.plist */ = {isa = PBXFileReference; lastKnownFileType = text.plist.xml; path = Info.plist; sourceTree = "<group>"; };
		3AAB5ED820F52ABA00B96B01 /* FavViewController.swift */ = {isa = PBXFileReference; lastKnownFileType = sourcecode.swift; path = FavViewController.swift; sourceTree = "<group>"; };
		3AAB5EDA20F531CA00B96B01 /* SettingsViewController.swift */ = {isa = PBXFileReference; lastKnownFileType = sourcecode.swift; path = SettingsViewController.swift; sourceTree = "<group>"; };
/* End PBXFileReference section */

/* Begin PBXFrameworksBuildPhase section */
		3AAB5EC020F4F61900B96B01 /* Frameworks */ = {
			isa = PBXFrameworksBuildPhase;
			buildActionMask = 2147483647;
			files = (
			);
			runOnlyForDeploymentPostprocessing = 0;
		};
/* End PBXFrameworksBuildPhase section */

/* Begin PBXGroup section */
		3AAB5EBA20F4F61900B96B01 = {
			isa = PBXGroup;
			children = (
				3AAB5EC520F4F61900B96B01 /* MyTabbedApp */,
				3AAB5EC420F4F61900B96B01 /* Products */,
			);
			sourceTree = "<group>";
		};
		3AAB5EC420F4F61900B96B01 /* Products */ = {
			isa = PBXGroup;
			children = (
				3AAB5EC320F4F61900B96B01 /* MyTabbedApp.app */,
			);
			name = Products;
			sourceTree = "<group>";
		};
		3AAB5EC520F4F61900B96B01 /* MyTabbedApp */ = {
			isa = PBXGroup;
			children = (
				3AAB5EC620F4F61900B96B01 /* AppDelegate.swift */,
				3AAB5EC820F4F61900B96B01 /* ViewController.swift */,
				3AAB5ECA20F4F61900B96B01 /* Main.storyboard */,
				3AAB5ECD20F4F61A00B96B01 /* Assets.xcassets */,
				3AAB5ECF20F4F61A00B96B01 /* LaunchScreen.storyboard */,
				3AAB5ED220F4F61A00B96B01 /* Info.plist */,
				3AAB5ED820F52ABA00B96B01 /* FavViewController.swift */,
				3AAB5EDA20F531CA00B96B01 /* SettingsViewController.swift */,
			);
			path = MyTabbedApp;
			sourceTree = "<group>";
		};
/* End PBXGroup section */

/* Begin PBXNativeTarget section */
		3AAB5EC220F4F61900B96B01 /* MyTabbedApp */ = {
			isa = PBXNativeTarget;
			buildConfigurationList = 3AAB5ED520F4F61A00B96B01 /* Build configuration list for PBXNativeTarget "MyTabbedApp" */;
			buildPhases = (
				3AAB5EBF20F4F61900B96B01 /* Sources */,
				3AAB5EC020F4F61900B96B01 /* Frameworks */,
				3AAB5EC120F4F61900B96B01 /* Resources */,
			);
			buildRules = (
			);
			dependencies = (
			);
			name = MyTabbedApp;
			productName = MyTabbedApp;
			productReference = 3AAB5EC320F4F61900B96B01 /* MyTabbedApp.app */;
			productType = "com.apple.product-type.application";
		};
/* End PBXNativeTarget section */

/* Begin PBXProject section */
		3AAB5EBB20F4F61900B96B01 /* Project object */ = {
			isa = PBXProject;
			attributes = {
				LastSwiftUpdateCheck = 0940;
				LastUpgradeCheck = 0940;
				ORGANIZATIONNAME = "Kampreet Sandhu";
				TargetAttributes = {
					3AAB5EC220F4F61900B96B01 = {
						CreatedOnToolsVersion = 9.4.1;
					};
				};
			};
			buildConfigurationList = 3AAB5EBE20F4F61900B96B01 /* Build configuration list for PBXProject "MyTabbedApp" */;
			compatibilityVersion = "Xcode 9.3";
			developmentRegion = en;
			hasScannedForEncodings = 0;
			knownRegions = (
				en,
				Base,
			);
			mainGroup = 3AAB5EBA20F4F61900B96B01;
			productRefGroup = 3AAB5EC420F4F61900B96B01 /* Products */;
			projectDirPath = "";
			projectRoot = "";
			targets = (
				3AAB5EC220F4F61900B96B01 /* MyTabbedApp */,
			);
		};
/* End PBXProject section */

/* Begin PBXResourcesBuildPhase section */
		3AAB5EC120F4F61900B96B01 /* Resources */ = {
			isa = PBXResourcesBuildPhase;
			buildActionMask = 2147483647;
			files = (
				3AAB5ED120F4F61A00B96B01 /* LaunchScreen.storyboard in Resources */,
				3AAB5ECE20F4F61A00B96B01 /* Assets.xcassets in Resources */,
				3AAB5ECC20F4F61900B96B01 /* Main.storyboard in Resources */,
			);
			runOnlyForDeploymentPostprocessing = 0;
		};
/* End PBXResourcesBuildPhase section */

/* Begin PBXSourcesBuildPhase section */
		3AAB5EBF20F4F61900B96B01 /* Sources */ = {
			isa = PBXSourcesBuildPhase;
			buildActionMask = 2147483647;
			files = (
				3AAB5ED920F52ABA00B96B01 /* FavViewController.swift in Sources */,
				3AAB5EC920F4F61900B96B01 /* ViewController.swift in Sources */,
				3AAB5EC720F4F61900B96B01 /* AppDelegate.swift in Sources */,
				3AAB5EDB20F531CA00B96B01 /* SettingsViewController.swift in Sources */,
			);
			runOnlyForDeploymentPostprocessing = 0;
		};
/* End PBXSourcesBuildPhase section */

/* Begin PBXVariantGroup section */
		3AAB5ECA20F4F61900B96B01 /* Main.storyboard */ = {
			isa = PBXVariantGroup;
			children = (
				3AAB5ECB20F4F61900B96B01 /* Base */,
			);
			name = Main.storyboard;
			sourceTree = "<group>";
		};
		3AAB5ECF20F4F61A00B96B01 /* LaunchScreen.storyboard */ = {
			isa = PBXVariantGroup;
			children = (
				3AAB5ED020F4F61A00B96B01 /* Base */,
			);
			name = LaunchScreen.storyboard;
			sourceTree = "<group>";
		};
/* End PBXVariantGroup section */

/* Begin XCBuildConfiguration section */
		3AAB5ED320F4F61A00B96B01 /* Debug */ = {
			isa = XCBuildConfiguration;
			buildSettings = {
				ALWAYS_SEARCH_USER_PATHS = NO;
				CLANG_ANALYZER_NONNULL = YES;
				CLANG_ANALYZER_NUMBER_OBJECT_CONVERSION = YES_AGGRESSIVE;
				CLANG_CXX_LANGUAGE_STANDARD = "gnu++14";
				CLANG_CXX_LIBRARY = "libc++";
				CLANG_ENABLE_MODULES = YES;
				CLANG_ENABLE_OBJC_ARC = YES;
				CLANG_ENABLE_OBJC_WEAK = YES;
				CLANG_WARN_BLOCK_CAPTURE_AUTORELEASING = YES;
				CLANG_WARN_BOOL_CONVERSION = YES;
				CLANG_WARN_COMMA = YES;
				CLANG_WARN_CONSTANT_CONVERSION = YES;
				CLANG_WARN_DEPRECATED_OBJC_IMPLEMENTATIONS = YES;
				CLANG_WARN_DIRECT_OBJC_ISA_USAGE = YES_ERROR;
				CLANG_WARN_DOCUMENTATION_COMMENTS = YES;
				CLANG_WARN_EMPTY_BODY = YES;
				CLANG_WARN_ENUM_CONVERSION = YES;
				CLANG_WARN_INFINITE_RECURSION = YES;
				CLANG_WARN_INT_CONVERSION = YES;
				CLANG_WARN_NON_LITERAL_NULL_CONVERSION = YES;
				CLANG_WARN_OBJC_IMPLICIT_RETAIN_SELF = YES;
				CLANG_WARN_OBJC_LITERAL_CONVERSION = YES;
				CLANG_WARN_OBJC_ROOT_CLASS = YES_ERROR;
				CLANG_WARN_RANGE_LOOP_ANALYSIS = YES;
				CLANG_WARN_STRICT_PROTOTYPES = YES;
				CLANG_WARN_SUSPICIOUS_MOVE = YES;
				CLANG_WARN_UNGUARDED_AVAILABILITY = YES_AGGRESSIVE;
				CLANG_WARN_UNREACHABLE_CODE = YES;
				CLANG_WARN__DUPLICATE_METHOD_MATCH = YES;
				CODE_SIGN_IDENTITY = "iPhone Developer";
				COPY_PHASE_STRIP = NO;
				DEBUG_INFORMATION_FORMAT = dwarf;
				ENABLE_STRICT_OBJC_MSGSEND = YES;
				ENABLE_TESTABILITY = YES;
				GCC_C_LANGUAGE_STANDARD = gnu11;
				GCC_DYNAMIC_NO_PIC = NO;
				GCC_NO_COMMON_BLOCKS = YES;
				GCC_OPTIMIZATION_LEVEL = 0;
				GCC_PREPROCESSOR_DEFINITIONS = (
					"DEBUG=1",
					"$(inherited)",
				);
				GCC_WARN_64_TO_32_BIT_CONVERSION = YES;
				GCC_WARN_ABOUT_RETURN_TYPE = YES_ERROR;
				GCC_WARN_UNDECLARED_SELECTOR = YES;
				GCC_WARN_UNINITIALIZED_AUTOS = YES_AGGRESSIVE;
				GCC_WARN_UNUSED_FUNCTION = YES;
				GCC_WARN_UNUSED_VARIABLE = YES;
				IPHONEOS_DEPLOYMENT_TARGET = 11.4;
				MTL_ENABLE_DEBUG_INFO = YES;
				ONLY_ACTIVE_ARCH = YES;
				SDKROOT = iphoneos;
				SWIFT_ACTIVE_COMPILATION_CONDITIONS = DEBUG;
				SWIFT_OPTIMIZATION_LEVEL = "-Onone";
			};
			name = Debug;
		};
		3AAB5ED420F4F61A00B96B01 /* Release */ = {
			isa = XCBuildConfiguration;
			buildSettings = {
				ALWAYS_SEARCH_USER_PATHS = NO;
				CLANG_ANALYZER_NONNULL = YES;
				CLANG_ANALYZER_NUMBER_OBJECT_CONVERSION = YES_AGGRESSIVE;
				CLANG_CXX_LANGUAGE_STANDARD = "gnu++14";
				CLANG_CXX_LIBRARY = "libc++";
				CLANG_ENABLE_MODULES = YES;
				CLANG_ENABLE_OBJC_ARC = YES;
				CLANG_ENABLE_OBJC_WEAK = YES;
				CLANG_WARN_BLOCK_CAPTURE_AUTORELEASING = YES;
				CLANG_WARN_BOOL_CONVERSION = YES;
				CLANG_WARN_COMMA = YES;
				CLANG_WARN_CONSTANT_CONVERSION = YES;
				CLANG_WARN_DEPRECATED_OBJC_IMPLEMENTATIONS = YES;
				CLANG_WARN_DIRECT_OBJC_ISA_USAGE = YES_ERROR;
				CLANG_WARN_DOCUMENTATION_COMMENTS = YES;
				CLANG_WARN_EMPTY_BODY = YES;
				CLANG_WARN_ENUM_CONVERSION = YES;
				CLANG_WARN_INFINITE_RECURSION = YES;
				CLANG_WARN_INT_CONVERSION = YES;
				CLANG_WARN_NON_LITERAL_NULL_CONVERSION = YES;
				CLANG_WARN_OBJC_IMPLICIT_RETAIN_SELF = YES;
				CLANG_WARN_OBJC_LITERAL_CONVERSION = YES;
				CLANG_WARN_OBJC_ROOT_CLASS = YES_ERROR;
				CLANG_WARN_RANGE_LOOP_ANALYSIS = YES;
				CLANG_WARN_STRICT_PROTOTYPES = YES;
				CLANG_WARN_SUSPICIOUS_MOVE = YES;
				CLANG_WARN_UNGUARDED_AVAILABILITY = YES_AGGRESSIVE;
				CLANG_WARN_UNREACHABLE_CODE = YES;
				CLANG_WARN__DUPLICATE_METHOD_MATCH = YES;
				CODE_SIGN_IDENTITY = "iPhone Developer";
				COPY_PHASE_STRIP = NO;
				DEBUG_INFORMATION_FORMAT = "dwarf-with-dsym";
				ENABLE_NS_ASSERTIONS = NO;
				ENABLE_STRICT_OBJC_MSGSEND = YES;
				GCC_C_LANGUAGE_STANDARD = gnu11;
				GCC_NO_COMMON_BLOCKS = YES;
				GCC_WARN_64_TO_32_BIT_CONVERSION = YES;
				GCC_WARN_ABOUT_RETURN_TYPE = YES_ERROR;
				GCC_WARN_UNDECLARED_SELECTOR = YES;
				GCC_WARN_UNINITIALIZED_AUTOS = YES_AGGRESSIVE;
				GCC_WARN_UNUSED_FUNCTION = YES;
				GCC_WARN_UNUSED_VARIABLE = YES;
				IPHONEOS_DEPLOYMENT_TARGET = 11.4;
				MTL_ENABLE_DEBUG_INFO = NO;
				SDKROOT = iphoneos;
				SWIFT_COMPILATION_MODE = wholemodule;
				SWIFT_OPTIMIZATION_LEVEL = "-O";
				VALIDATE_PRODUCT = YES;
			};
			name = Release;
		};
		3AAB5ED620F4F61A00B96B01 /* Debug */ = {
			isa = XCBuildConfiguration;
			buildSettings = {
				ASSETCATALOG_COMPILER_APPICON_NAME = AppIcon;
				CODE_SIGN_STYLE = Automatic;
				INFOPLIST_FILE = MyTabbedApp/Info.plist;
				LD_RUNPATH_SEARCH_PATHS = (
					"$(inherited)",
					"@executable_path/Frameworks",
				);
				PRODUCT_BUNDLE_IDENTIFIER = KS.MyTabbedApp;
				PRODUCT_NAME = "$(TARGET_NAME)";
				SWIFT_VERSION = 4.0;
				TARGETED_DEVICE_FAMILY = "1,2";
			};
			name = Debug;
		};
		3AAB5ED720F4F61A00B96B01 /* Release */ = {
			isa = XCBuildConfiguration;
			buildSettings = {
				ASSETCATALOG_COMPILER_APPICON_NAME = AppIcon;
				CODE_SIGN_STYLE = Automatic;
				INFOPLIST_FILE = MyTabbedApp/Info.plist;
				LD_RUNPATH_SEARCH_PATHS = (
					"$(inherited)",
					"@executable_path/Frameworks",
				);
				PRODUCT_BUNDLE_IDENTIFIER = KS.MyTabbedApp;
				PRODUCT_NAME = "$(TARGET_NAME)";
				SWIFT_VERSION = 4.0;
				TARGETED_DEVICE_FAMILY = "1,2";
			};
			name = Release;
		};
/* End XCBuildConfiguration section */

/* Begin XCConfigurationList section */
		3AAB5EBE20F4F61900B96B01 /* Build configuration list for PBXProject "MyTabbedApp" */ = {
			isa = XCConfigurationList;
			buildConfigurations = (
				3AAB5ED320F4F61A00B96B01 /* Debug */,
				3AAB5ED420F4F61A00B96B01 /* Release */,
			);
			defaultConfigurationIsVisible = 0;
			defaultConfigurationName = Release;
		};
		3AAB5ED520F4F61A00B96B01 /* Build configuration list for PBXNativeTarget "MyTabbedApp" */ = {
			isa = XCConfigurationList;
			buildConfigurations = (
				3AAB5ED620F4F61A00B96B01 /* Debug */,
				3AAB5ED720F4F61A00B96B01 /* Release */,
			);
			defaultConfigurationIsVisible = 0;
			defaultConfigurationName = Release;
		};
/* End XCConfigurationList section */
	};
	rootObject = 3AAB5EBB20F4F61900B96B01 /* Project object */;
}
